
Microsoft Visual Studio Solution File, Format Version 12.00
# Visual Studio Version 16
VisualStudioVersion = 16.0.30611.23
MinimumVisualStudioVersion = 10.0.40219.1
Project("{FAE04EC0-301F-11D3-BF4B-00C04F79EFBC}") = "1_ReportRepair", "1_ReportRepair\1_ReportRepair.csproj", "{310729C6-5122-4E62-8F3F-A43D254C9E47}"
EndProject
Project("{FAE04EC0-301F-11D3-BF4B-00C04F79EFBC}") = "1_ReportRepairTest", "1_ReportRepairTest\1_ReportRepairTest.csproj", "{90046E06-32B9-4EB7-8169-3D32612022FE}"
EndProject
Project("{FAE04EC0-301F-11D3-BF4B-00C04F79EFBC}") = "2_Passwords", "2_Passwords\2_Passwords.csproj", "{B30CC20B-7D9F-4954-A915-9A9842B6DA85}"
EndProject
Project("{FAE04EC0-301F-11D3-BF4B-00C04F79EFBC}") = "2_PasswordsTest", "2_PasswordsTest\2_PasswordsTest.csproj", "{AC9F8F18-B67D-48BD-B34C-26AA9691C729}"
EndProject
Global
	GlobalSection(SolutionConfigurationPlatforms) = preSolution
		Debug|Any CPU = Debug|Any CPU
		Release|Any CPU = Release|Any CPU
	EndGlobalSection
	GlobalSection(ProjectConfigurationPlatforms) = postSolution
		{310729C6-5122-4E62-8F3F-A43D254C9E47}.Debug|Any CPU.ActiveCfg = Debug|Any CPU
		{310729C6-5122-4E62-8F3F-A43D254C9E47}.Debug|Any CPU.Build.0 = Debug|Any CPU
		{310729C6-5122-4E62-8F3F-A43D254C9E47}.Release|Any CPU.ActiveCfg = Release|Any CPU
		{310729C6-5122-4E62-8F3F-A43D254C9E47}.Release|Any CPU.Build.0 = Release|Any CPU
		{90046E06-32B9-4EB7-8169-3D32612022FE}.Debug|Any CPU.ActiveCfg = Debug|Any CPU
		{90046E06-32B9-4EB7-8169-3D32612022FE}.Debug|Any CPU.Build.0 = Debug|Any CPU
		{90046E06-32B9-4EB7-8169-3D32612022FE}.Release|Any CPU.ActiveCfg = Release|Any CPU
		{90046E06-32B9-4EB7-8169-3D32612022FE}.Release|Any CPU.Build.0 = Release|Any CPU
		{B30CC20B-7D9F-4954-A915-9A9842B6DA85}.Debug|Any CPU.ActiveCfg = Debug|Any CPU
		{B30CC20B-7D9F-4954-A915-9A9842B6DA85}.Debug|Any CPU.Build.0 = Debug|Any CPU
		{B30CC20B-7D9F-4954-A915-9A9842B6DA85}.Release|Any CPU.ActiveCfg = Release|Any CPU
		{B30CC20B-7D9F-4954-A915-9A9842B6DA85}.Release|Any CPU.Build.0 = Release|Any CPU
		{AC9F8F18-B67D-48BD-B34C-26AA9691C729}.Debug|Any CPU.ActiveCfg = Debug|Any CPU
		{AC9F8F18-B67D-48BD-B34C-26AA9691C729}.Debug|Any CPU.Build.0 = Debug|Any CPU
		{AC9F8F18-B67D-48BD-B34C-26AA9691C729}.Release|Any CPU.ActiveCfg = Release|Any CPU
		{AC9F8F18-B67D-48BD-B34C-26AA9691C729}.Release|Any CPU.Build.0 = Release|Any CPU
	EndGlobalSection
	GlobalSection(SolutionProperties) = preSolution
		HideSolutionNode = FALSE
	EndGlobalSection
	GlobalSection(ExtensibilityGlobals) = postSolution
		SolutionGuid = {CE084901-856D-45D4-A54A-F09FA70B62AA}
	EndGlobalSection
EndGlobal
